// !$*UTF8*$!
{
	archiveVersion = 1;
	classes = {
	};
	objectVersion = 46;
	objects = {

/* Begin PBXBuildFile section */
		16BCC16D05BFB610B38027BE /* libPods-Sloom.a in Frameworks */ = {isa = PBXBuildFile; fileRef = F7AAAD3DFE6543EA51DCF523 /* libPods-Sloom.a */; };
		40D76FD21B8C932800E610C0 /* main.m in Sources */ = {isa = PBXBuildFile; fileRef = 40D76FD11B8C932800E610C0 /* main.m */; };
		40D76FD51B8C932800E610C0 /* AppDelegate.m in Sources */ = {isa = PBXBuildFile; fileRef = 40D76FD41B8C932800E610C0 /* AppDelegate.m */; };
		40D76FD81B8C932800E610C0 /* ViewController.m in Sources */ = {isa = PBXBuildFile; fileRef = 40D76FD71B8C932800E610C0 /* ViewController.m */; };
		40D76FDB1B8C932800E610C0 /* Main.storyboard in Resources */ = {isa = PBXBuildFile; fileRef = 40D76FD91B8C932800E610C0 /* Main.storyboard */; };
		40D76FDD1B8C932800E610C0 /* Images.xcassets in Resources */ = {isa = PBXBuildFile; fileRef = 40D76FDC1B8C932800E610C0 /* Images.xcassets */; };
		40D76FE01B8C932800E610C0 /* LaunchScreen.xib in Resources */ = {isa = PBXBuildFile; fileRef = 40D76FDE1B8C932800E610C0 /* LaunchScreen.xib */; };
		40D76FEC1B8C932800E610C0 /* SloomTests.m in Sources */ = {isa = PBXBuildFile; fileRef = 40D76FEB1B8C932800E610C0 /* SloomTests.m */; };
/* End PBXBuildFile section */

/* Begin PBXContainerItemProxy section */
		40D76FE61B8C932800E610C0 /* PBXContainerItemProxy */ = {
			isa = PBXContainerItemProxy;
			containerPortal = 40D76FC41B8C932800E610C0 /* Project object */;
			proxyType = 1;
			remoteGlobalIDString = 40D76FCB1B8C932800E610C0;
			remoteInfo = Sloom;
		};
/* End PBXContainerItemProxy section */

/* Begin PBXFileReference section */
		40D76FCC1B8C932800E610C0 /* Sloom.app */ = {isa = PBXFileReference; explicitFileType = wrapper.application; includeInIndex = 0; path = Sloom.app; sourceTree = BUILT_PRODUCTS_DIR; };
		40D76FD01B8C932800E610C0 /* Info.plist */ = {isa = PBXFileReference; lastKnownFileType = text.plist.xml; path = Info.plist; sourceTree = "<group>"; };
		40D76FD11B8C932800E610C0 /* main.m */ = {isa = PBXFileReference; lastKnownFileType = sourcecode.c.objc; path = main.m; sourceTree = "<group>"; };
		40D76FD31B8C932800E610C0 /* AppDelegate.h */ = {isa = PBXFileReference; lastKnownFileType = sourcecode.c.h; path = AppDelegate.h; sourceTree = "<group>"; };
		40D76FD41B8C932800E610C0 /* AppDelegate.m */ = {isa = PBXFileReference; lastKnownFileType = sourcecode.c.objc; path = AppDelegate.m; sourceTree = "<group>"; };
		40D76FD61B8C932800E610C0 /* ViewController.h */ = {isa = PBXFileReference; lastKnownFileType = sourcecode.c.h; path = ViewController.h; sourceTree = "<group>"; };
		40D76FD71B8C932800E610C0 /* ViewController.m */ = {isa = PBXFileReference; lastKnownFileType = sourcecode.c.objc; path = ViewController.m; sourceTree = "<group>"; };
		40D76FDA1B8C932800E610C0 /* Base */ = {isa = PBXFileReference; lastKnownFileType = file.storyboard; name = Base; path = Base.lproj/Main.storyboard; sourceTree = "<group>"; };
		40D76FDC1B8C932800E610C0 /* Images.xcassets */ = {isa = PBXFileReference; lastKnownFileType = folder.assetcatalog; path = Images.xcassets; sourceTree = "<group>"; };
		40D76FDF1B8C932800E610C0 /* Base */ = {isa = PBXFileReference; lastKnownFileType = file.xib; name = Base; path = Base.lproj/LaunchScreen.xib; sourceTree = "<group>"; };
		40D76FE51B8C932800E610C0 /* SloomTests.xctest */ = {isa = PBXFileReference; explicitFileType = wrapper.cfbundle; includeInIndex = 0; path = SloomTests.xctest; sourceTree = BUILT_PRODUCTS_DIR; };
		40D76FEA1B8C932800E610C0 /* Info.plist */ = {isa = PBXFileReference; lastKnownFileType = text.plist.xml; path = Info.plist; sourceTree = "<group>"; };
		40D76FEB1B8C932800E610C0 /* SloomTests.m */ = {isa = PBXFileReference; lastKnownFileType = sourcecode.c.objc; path = SloomTests.m; sourceTree = "<group>"; };
		5D5D24EB5EE89DF92DF55C87 /* Pods-Sloom.release.xcconfig */ = {isa = PBXFileReference; includeInIndex = 1; lastKnownFileType = text.xcconfig; name = "Pods-Sloom.release.xcconfig"; path = "Pods/Target Support Files/Pods-Sloom/Pods-Sloom.release.xcconfig"; sourceTree = "<group>"; };
		E76F4AEA3F2FA720305CBF0C /* Pods-Sloom.debug.xcconfig */ = {isa = PBXFileReference; includeInIndex = 1; lastKnownFileType = text.xcconfig; name = "Pods-Sloom.debug.xcconfig"; path = "Pods/Target Support Files/Pods-Sloom/Pods-Sloom.debug.xcconfig"; sourceTree = "<group>"; };
		F7AAAD3DFE6543EA51DCF523 /* libPods-Sloom.a */ = {isa = PBXFileReference; explicitFileType = archive.ar; includeInIndex = 0; path = "libPods-Sloom.a"; sourceTree = BUILT_PRODUCTS_DIR; };
/* End PBXFileReference section */

/* Begin PBXFrameworksBuildPhase section */
		40D76FC91B8C932800E610C0 /* Frameworks */ = {
			isa = PBXFrameworksBuildPhase;
			buildActionMask = 2147483647;
			files = (
				16BCC16D05BFB610B38027BE /* libPods-Sloom.a in Frameworks */,
			);
			runOnlyForDeploymentPostprocessing = 0;
		};
		40D76FE21B8C932800E610C0 /* Frameworks */ = {
			isa = PBXFrameworksBuildPhase;
			buildActionMask = 2147483647;
			files = (
			);
			runOnlyForDeploymentPostprocessing = 0;
		};
/* End PBXFrameworksBuildPhase section */

/* Begin PBXGroup section */
		40D76FC31B8C932800E610C0 = {
			isa = PBXGroup;
			children = (
				40D76FCE1B8C932800E610C0 /* Sloom */,
				40D76FE81B8C932800E610C0 /* SloomTests */,
				40D76FCD1B8C932800E610C0 /* Products */,
				C9131013EA4C3BA23FE6790C /* Pods */,
				B11FE83EDD42E0CC793278D8 /* Frameworks */,
			);
			sourceTree = "<group>";
		};
		40D76FCD1B8C932800E610C0 /* Products */ = {
			isa = PBXGroup;
			children = (
				40D76FCC1B8C932800E610C0 /* Sloom.app */,
				40D76FE51B8C932800E610C0 /* SloomTests.xctest */,
			);
			name = Products;
			sourceTree = "<group>";
		};
		40D76FCE1B8C932800E610C0 /* Sloom */ = {
			isa = PBXGroup;
			children = (
				40D76FD31B8C932800E610C0 /* AppDelegate.h */,
				40D76FD41B8C932800E610C0 /* AppDelegate.m */,
				40D76FD61B8C932800E610C0 /* ViewController.h */,
				40D76FD71B8C932800E610C0 /* ViewController.m */,
				40D76FD91B8C932800E610C0 /* Main.storyboard */,
				40D76FDC1B8C932800E610C0 /* Images.xcassets */,
				40D76FDE1B8C932800E610C0 /* LaunchScreen.xib */,
				40D76FCF1B8C932800E610C0 /* Supporting Files */,
			);
			path = Sloom;
			sourceTree = "<group>";
		};
		40D76FCF1B8C932800E610C0 /* Supporting Files */ = {
			isa = PBXGroup;
			children = (
				40D76FD01B8C932800E610C0 /* Info.plist */,
				40D76FD11B8C932800E610C0 /* main.m */,
			);
			name = "Supporting Files";
			sourceTree = "<group>";
		};
		40D76FE81B8C932800E610C0 /* SloomTests */ = {
			isa = PBXGroup;
			children = (
				40D76FEB1B8C932800E610C0 /* SloomTests.m */,
				40D76FE91B8C932800E610C0 /* Supporting Files */,
			);
			path = SloomTests;
			sourceTree = "<group>";
		};
		40D76FE91B8C932800E610C0 /* Supporting Files */ = {
			isa = PBXGroup;
			children = (
				40D76FEA1B8C932800E610C0 /* Info.plist */,
			);
			name = "Supporting Files";
			sourceTree = "<group>";
		};
		B11FE83EDD42E0CC793278D8 /* Frameworks */ = {
			isa = PBXGroup;
			children = (
				F7AAAD3DFE6543EA51DCF523 /* libPods-Sloom.a */,
			);
			name = Frameworks;
			sourceTree = "<group>";
		};
		C9131013EA4C3BA23FE6790C /* Pods */ = {
			isa = PBXGroup;
			children = (
				E76F4AEA3F2FA720305CBF0C /* Pods-Sloom.debug.xcconfig */,
				5D5D24EB5EE89DF92DF55C87 /* Pods-Sloom.release.xcconfig */,
			);
			name = Pods;
			sourceTree = "<group>";
		};
/* End PBXGroup section */

/* Begin PBXNativeTarget section */
		40D76FCB1B8C932800E610C0 /* Sloom */ = {
			isa = PBXNativeTarget;
			buildConfigurationList = 40D76FEF1B8C932800E610C0 /* Build configuration list for PBXNativeTarget "Sloom" */;
			buildPhases = (
				5608F138CE11F0169A8F4138 /* Check Pods Manifest.lock */,
				40D76FC81B8C932800E610C0 /* Sources */,
				40D76FC91B8C932800E610C0 /* Frameworks */,
				40D76FCA1B8C932800E610C0 /* Resources */,
				6460C6582D8C15DE2B02CD35 /* Copy Pods Resources */,
			);
			buildRules = (
			);
			dependencies = (
			);
			name = Sloom;
			productName = Sloom;
			productReference = 40D76FCC1B8C932800E610C0 /* Sloom.app */;
			productType = "com.apple.product-type.application";
		};
		40D76FE41B8C932800E610C0 /* SloomTests */ = {
			isa = PBXNativeTarget;
			buildConfigurationList = 40D76FF21B8C932800E610C0 /* Build configuration list for PBXNativeTarget "SloomTests" */;
			buildPhases = (
				40D76FE11B8C932800E610C0 /* Sources */,
				40D76FE21B8C932800E610C0 /* Frameworks */,
				40D76FE31B8C932800E610C0 /* Resources */,
			);
			buildRules = (
			);
			dependencies = (
				40D76FE71B8C932800E610C0 /* PBXTargetDependency */,
			);
			name = SloomTests;
			productName = SloomTests;
			productReference = 40D76FE51B8C932800E610C0 /* SloomTests.xctest */;
			productType = "com.apple.product-type.bundle.unit-test";
		};
/* End PBXNativeTarget section */

/* Begin PBXProject section */
		40D76FC41B8C932800E610C0 /* Project object */ = {
			isa = PBXProject;
			attributes = {
				LastUpgradeCheck = 0640;
				ORGANIZATIONNAME = khoa.vt;
				TargetAttributes = {
					40D76FCB1B8C932800E610C0 = {
						CreatedOnToolsVersion = 6.4;
					};
					40D76FE41B8C932800E610C0 = {
						CreatedOnToolsVersion = 6.4;
						TestTargetID = 40D76FCB1B8C932800E610C0;
					};
				};
			};
			buildConfigurationList = 40D76FC71B8C932800E610C0 /* Build configuration list for PBXProject "Sloom" */;
			compatibilityVersion = "Xcode 3.2";
			developmentRegion = English;
			hasScannedForEncodings = 0;
			knownRegions = (
				en,
				Base,
			);
			mainGroup = 40D76FC31B8C932800E610C0;
			productRefGroup = 40D76FCD1B8C932800E610C0 /* Products */;
			projectDirPath = "";
			projectRoot = "";
			targets = (
				40D76FCB1B8C932800E610C0 /* Sloom */,
				40D76FE41B8C932800E610C0 /* SloomTests */,
			);
		};
/* End PBXProject section */

/* Begin PBXResourcesBuildPhase section */
		40D76FCA1B8C932800E610C0 /* Resources */ = {
			isa = PBXResourcesBuildPhase;
			buildActionMask = 2147483647;
			files = (
				40D76FDB1B8C932800E610C0 /* Main.storyboard in Resources */,
				40D76FE01B8C932800E610C0 /* LaunchScreen.xib in Resources */,
				40D76FDD1B8C932800E610C0 /* Images.xcassets in Resources */,
			);
			runOnlyForDeploymentPostprocessing = 0;
		};
		40D76FE31B8C932800E610C0 /* Resources */ = {
			isa = PBXResourcesBuildPhase;
			buildActionMask = 2147483647;
			files = (
			);
			runOnlyForDeploymentPostprocessing = 0;
		};
/* End PBXResourcesBuildPhase section */

/* Begin PBXShellScriptBuildPhase section */
		5608F138CE11F0169A8F4138 /* Check Pods Manifest.lock */ = {
			isa = PBXShellScriptBuildPhase;
			buildActionMask = 2147483647;
			files = (
			);
			inputPaths = (
			);
			name = "Check Pods Manifest.lock";
			outputPaths = (
			);
			runOnlyForDeploymentPostprocessing = 0;
			shellPath = /bin/sh;
			shellScript = "diff \"${PODS_ROOT}/../Podfile.lock\" \"${PODS_ROOT}/Manifest.lock\" > /dev/null\nif [[ $? != 0 ]] ; then\n    cat << EOM\nerror: The sandbox is not in sync with the Podfile.lock. Run 'pod install' or update your CocoaPods installation.\nEOM\n    exit 1\nfi\n";
			showEnvVarsInLog = 0;
		};
		6460C6582D8C15DE2B02CD35 /* Copy Pods Resources */ = {
			isa = PBXShellScriptBuildPhase;
			buildActionMask = 2147483647;
			files = (
			);
			inputPaths = (
			);
			name = "Copy Pods Resources";
			outputPaths = (
			);
			runOnlyForDeploymentPostprocessing = 0;
			shellPath = /bin/sh;
			shellScript = "\"${SRCROOT}/Pods/Target Support Files/Pods-Sloom/Pods-Sloom-resources.sh\"\n";
			showEnvVarsInLog = 0;
		};
/* End PBXShellScriptBuildPhase section */

/* Begin PBXSourcesBuildPhase section */
		40D76FC81B8C932800E610C0 /* Sources */ = {
			isa = PBXSourcesBuildPhase;
			buildActionMask = 2147483647;
			files = (
				40D76FD81B8C932800E610C0 /* ViewController.m in Sources */,
				40D76FD51B8C932800E610C0 /* AppDelegate.m in Sources */,
				40D76FD21B8C932800E610C0 /* main.m in Sources */,
			);
			runOnlyForDeploymentPostprocessing = 0;
		};
		40D76FE11B8C932800E610C0 /* Sources */ = {
			isa = PBXSourcesBuildPhase;
			buildActionMask = 2147483647;
			files = (
				40D76FEC1B8C932800E610C0 /* SloomTests.m in Sources */,
			);
			runOnlyForDeploymentPostprocessing = 0;
		};
/* End PBXSourcesBuildPhase section */

/* Begin PBXTargetDependency section */
		40D76FE71B8C932800E610C0 /* PBXTargetDependency */ = {
			isa = PBXTargetDependency;
			target = 40D76FCB1B8C932800E610C0 /* Sloom */;
			targetProxy = 40D76FE61B8C932800E610C0 /* PBXContainerItemProxy */;
		};
/* End PBXTargetDependency section */

/* Begin PBXVariantGroup section */
		40D76FD91B8C932800E610C0 /* Main.storyboard */ = {
			isa = PBXVariantGroup;
			children = (
				40D76FDA1B8C932800E610C0 /* Base */,
			);
			name = Main.storyboard;
			sourceTree = "<group>";
		};
		40D76FDE1B8C932800E610C0 /* LaunchScreen.xib */ = {
			isa = PBXVariantGroup;
			children = (
				40D76FDF1B8C932800E610C0 /* Base */,
			);
			name = LaunchScreen.xib;
			sourceTree = "<group>";
		};
/* End PBXVariantGroup section */

/* Begin XCBuildConfiguration section */
		40D76FED1B8C932800E610C0 /* Debug */ = {
			isa = XCBuildConfiguration;
			buildSettings = {
				ALWAYS_SEARCH_USER_PATHS = NO;
				CLANG_CXX_LANGUAGE_STANDARD = "gnu++0x";
				CLANG_CXX_LIBRARY = "libc++";
				CLANG_ENABLE_MODULES = YES;
				CLANG_ENABLE_OBJC_ARC = YES;
				CLANG_WARN_BOOL_CONVERSION = YES;
				CLANG_WARN_CONSTANT_CONVERSION = YES;
				CLANG_WARN_DIRECT_OBJC_ISA_USAGE = YES_ERROR;
				CLANG_WARN_EMPTY_BODY = YES;
				CLANG_WARN_ENUM_CONVERSION = YES;
				CLANG_WARN_INT_CONVERSION = YES;
				CLANG_WARN_OBJC_ROOT_CLASS = YES_ERROR;
				CLANG_WARN_UNREACHABLE_CODE = YES;
				CLANG_WARN__DUPLICATE_METHOD_MATCH = YES;
				"CODE_SIGN_IDENTITY[sdk=iphoneos*]" = "iPhone Developer";
				COPY_PHASE_STRIP = NO;
				DEBUG_INFORMATION_FORMAT = "dwarf-with-dsym";
				ENABLE_STRICT_OBJC_MSGSEND = YES;
				GCC_C_LANGUAGE_STANDARD = gnu99;
				GCC_DYNAMIC_NO_PIC = NO;
				GCC_NO_COMMON_BLOCKS = YES;
				GCC_OPTIMIZATION_LEVEL = 0;
				GCC_PREPROCESSOR_DEFINITIONS = (
					"DEBUG=1",
					"$(inherited)",
				);
				GCC_SYMBOLS_PRIVATE_EXTERN = NO;
				GCC_WARN_64_TO_32_BIT_CONVERSION = YES;
				GCC_WARN_ABOUT_RETURN_TYPE = YES_ERROR;
				GCC_WARN_UNDECLARED_SELECTOR = YES;
				GCC_WARN_UNINITIALIZED_AUTOS = YES_AGGRESSIVE;
				GCC_WARN_UNUSED_FUNCTION = YES;
				GCC_WARN_UNUSED_VARIABLE = YES;
				IPHONEOS_DEPLOYMENT_TARGET = 8.4;
				MTL_ENABLE_DEBUG_INFO = YES;
				ONLY_ACTIVE_ARCH = YES;
				SDKROOT = iphoneos;
			};
			name = Debug;
		};
		40D76FEE1B8C932800E610C0 /* Release */ = {
			isa = XCBuildConfiguration;
			buildSettings = {
				ALWAYS_SEARCH_USER_PATHS = NO;
				CLANG_CXX_LANGUAGE_STANDARD = "gnu++0x";
				CLANG_CXX_LIBRARY = "libc++";
				CLANG_ENABLE_MODULES = YES;
				CLANG_ENABLE_OBJC_ARC = YES;
				CLANG_WARN_BOOL_CONVERSION = YES;
				CLANG_WARN_CONSTANT_CONVERSION = YES;
				CLANG_WARN_DIRECT_OBJC_ISA_USAGE = YES_ERROR;
				CLANG_WARN_EMPTY_BODY = YES;
				CLANG_WARN_ENUM_CONVERSION = YES;
				CLANG_WARN_INT_CONVERSION = YES;
				CLANG_WARN_OBJC_ROOT_CLASS = YES_ERROR;
				CLANG_WARN_UNREACHABLE_CODE = YES;
				CLANG_WARN__DUPLICATE_METHOD_MATCH = YES;
				"CODE_SIGN_IDENTITY[sdk=iphoneos*]" = "iPhone Developer";
				COPY_PHASE_STRIP = NO;
				DEBUG_INFORMATION_FORMAT = "dwarf-with-dsym";
				ENABLE_NS_ASSERTIONS = NO;
				ENABLE_STRICT_OBJC_MSGSEND = YES;
				GCC_C_LANGUAGE_STANDARD = gnu99;
				GCC_NO_COMMON_BLOCKS = YES;
				GCC_WARN_64_TO_32_BIT_CONVERSION = YES;
				GCC_WARN_ABOUT_RETURN_TYPE = YES_ERROR;
				GCC_WARN_UNDECLARED_SELECTOR = YES;
				GCC_WARN_UNINITIALIZED_AUTOS = YES_AGGRESSIVE;
				GCC_WARN_UNUSED_FUNCTION = YES;
				GCC_WARN_UNUSED_VARIABLE = YES;
				IPHONEOS_DEPLOYMENT_TARGET = 8.4;
				MTL_ENABLE_DEBUG_INFO = NO;
				SDKROOT = iphoneos;
				VALIDATE_PRODUCT = YES;
			};
			name = Release;
		};
		40D76FF01B8C932800E610C0 /* Debug */ = {
			isa = XCBuildConfiguration;
			baseConfigurationReference = E76F4AEA3F2FA720305CBF0C /* Pods-Sloom.debug.xcconfig */;
			buildSettings = {
				ASSETCATALOG_COMPILER_APPICON_NAME = AppIcon;
				INFOPLIST_FILE = Sloom/Info.plist;
				LD_RUNPATH_SEARCH_PATHS = "$(inherited) @executable_path/Frameworks";
				PRODUCT_NAME = "$(TARGET_NAME)";
			};
			name = Debug;
		};
		40D76FF11B8C932800E610C0 /* Release */ = {
			isa = XCBuildConfiguration;
			baseConfigurationReference = 5D5D24EB5EE89DF92DF55C87 /* Pods-Sloom.release.xcconfig */;
			buildSettings = {
				ASSETCATALOG_COMPILER_APPICON_NAME = AppIcon;
				INFOPLIST_FILE = Sloom/Info.plist;
				LD_RUNPATH_SEARCH_PATHS = "$(inherited) @executable_path/Frameworks";
				PRODUCT_NAME = "$(TARGET_NAME)";
			};
			name = Release;
		};
		40D76FF31B8C932800E610C0 /* Debug */ = {
			isa = XCBuildConfiguration;
			buildSettings = {
				BUNDLE_LOADER = "$(TEST_HOST)";
				FRAMEWORK_SEARCH_PATHS = (
					"$(SDKROOT)/Developer/Library/Frameworks",
					"$(inherited)",
				);
				GCC_PREPROCESSOR_DEFINITIONS = (
					"DEBUG=1",
					"$(inherited)",
				);
				INFOPLIST_FILE = SloomTests/Info.plist;
				LD_RUNPATH_SEARCH_PATHS = "$(inherited) @executable_path/Frameworks @loader_path/Frameworks";
				PRODUCT_NAME = "$(TARGET_NAME)";
				TEST_HOST = "$(BUILT_PRODUCTS_DIR)/Sloom.app/Sloom";
			};
			name = Debug;
		};
		40D76FF41B8C932800E610C0 /* Release */ = {
			isa = XCBuildConfiguration;
			buildSettings = {
				BUNDLE_LOADER = "$(TEST_HOST)";
				FRAMEWORK_SEARCH_PATHS = (
					"$(SDKROOT)/Developer/Library/Frameworks",
					"$(inherited)",
				);
				INFOPLIST_FILE = SloomTests/Info.plist;
				LD_RUNPATH_SEARCH_PATHS = "$(inherited) @executable_path/Frameworks @loader_path/Frameworks";
				PRODUCT_NAME = "$(TARGET_NAME)";
				TEST_HOST = "$(BUILT_PRODUCTS_DIR)/Sloom.app/Sloom";
			};
			name = Release;
		};
/* End XCBuildConfiguration section */

/* Begin XCConfigurationList section */
		40D76FC71B8C932800E610C0 /* Build configuration list for PBXProject "Sloom" */ = {
			isa = XCConfigurationList;
			buildConfigurations = (
				40D76FED1B8C932800E610C0 /* Debug */,
				40D76FEE1B8C932800E610C0 /* Release */,
			);
			defaultConfigurationIsVisible = 0;
			defaultConfigurationName = Release;
		};
		40D76FEF1B8C932800E610C0 /* Build configuration list for PBXNativeTarget "Sloom" */ = {
			isa = XCConfigurationList;
			buildConfigurations = (
				40D76FF01B8C932800E610C0 /* Debug */,
				40D76FF11B8C932800E610C0 /* Release */,
			);
			defaultConfigurationIsVisible = 0;
			defaultConfigurationName = Release;
		};
		40D76FF21B8C932800E610C0 /* Build configuration list for PBXNativeTarget "SloomTests" */ = {
			isa = XCConfigurationList;
			buildConfigurations = (
				40D76FF31B8C932800E610C0 /* Debug */,
				40D76FF41B8C932800E610C0 /* Release */,
			);
			defaultConfigurationIsVisible = 0;
			defaultConfigurationName = Release;
		};
/* End XCConfigurationList section */
	};
	rootObject = 40D76FC41B8C932800E610C0 /* Project object */;
}
